
Microsoft Visual Studio Solution File, Format Version 12.00
# Visual Studio 14
VisualStudioVersion = 14.0.25123.0
MinimumVisualStudioVersion = 10.0.40219.1
Project("{FAE04EC0-301F-11D3-BF4B-00C04F79EFBC}") = "Past", "Past\Past.csproj", "{DAD9946E-D337-4BDA-B556-621605D0F5C5}"
EndProject
Project("{FAE04EC0-301F-11D3-BF4B-00C04F79EFBC}") = "Past.Protocol", "Past.Protocol\Past.Protocol.csproj", "{FD666F59-B2C2-41EA-8B6D-98977983B3AD}"
EndProject
Project("{FAE04EC0-301F-11D3-BF4B-00C04F79EFBC}") = "Past.Tools", "Past.Tools\Past.Tools.csproj", "{A94B7F6A-0CDD-45F3-A73D-BD30AA7D7D5A}"
EndProject
Project("{FAE04EC0-301F-11D3-BF4B-00C04F79EFBC}") = "Past.Login", "Past.Login\Past.Login.csproj", "{24C40DD1-A05E-4EBD-8396-526359F36661}"
	ProjectSection(ProjectDependencies) = postProject
		{D868E97F-C3CD-4AA8-971A-79D4C84551AB} = {D868E97F-C3CD-4AA8-971A-79D4C84551AB}
	EndProjectSection
EndProject
Project("{FAE04EC0-301F-11D3-BF4B-00C04F79EFBC}") = "Past.Game", "Past.Game\Past.Game.csproj", "{56B58C8F-0CEA-4512-A7FA-9FF7A521CCD9}"
EndProject
Project("{FAE04EC0-301F-11D3-BF4B-00C04F79EFBC}") = "Past.Common", "Past.Common\Past.Common.csproj", "{D868E97F-C3CD-4AA8-971A-79D4C84551AB}"
EndProject
Global
	GlobalSection(SolutionConfigurationPlatforms) = preSolution
		Debug|Any CPU = Debug|Any CPU
		Release|Any CPU = Release|Any CPU
	EndGlobalSection
	GlobalSection(ProjectConfigurationPlatforms) = postSolution
		{DAD9946E-D337-4BDA-B556-621605D0F5C5}.Debug|Any CPU.ActiveCfg = Debug|Any CPU
		{DAD9946E-D337-4BDA-B556-621605D0F5C5}.Debug|Any CPU.Build.0 = Debug|Any CPU
		{DAD9946E-D337-4BDA-B556-621605D0F5C5}.Release|Any CPU.ActiveCfg = Release|Any CPU
		{DAD9946E-D337-4BDA-B556-621605D0F5C5}.Release|Any CPU.Build.0 = Release|Any CPU
		{FD666F59-B2C2-41EA-8B6D-98977983B3AD}.Debug|Any CPU.ActiveCfg = Debug|Any CPU
		{FD666F59-B2C2-41EA-8B6D-98977983B3AD}.Debug|Any CPU.Build.0 = Debug|Any CPU
		{FD666F59-B2C2-41EA-8B6D-98977983B3AD}.Release|Any CPU.ActiveCfg = Release|Any CPU
		{FD666F59-B2C2-41EA-8B6D-98977983B3AD}.Release|Any CPU.Build.0 = Release|Any CPU
		{A94B7F6A-0CDD-45F3-A73D-BD30AA7D7D5A}.Debug|Any CPU.ActiveCfg = Debug|Any CPU
		{A94B7F6A-0CDD-45F3-A73D-BD30AA7D7D5A}.Debug|Any CPU.Build.0 = Debug|Any CPU
		{A94B7F6A-0CDD-45F3-A73D-BD30AA7D7D5A}.Release|Any CPU.ActiveCfg = Release|Any CPU
		{A94B7F6A-0CDD-45F3-A73D-BD30AA7D7D5A}.Release|Any CPU.Build.0 = Release|Any CPU
		{24C40DD1-A05E-4EBD-8396-526359F36661}.Debug|Any CPU.ActiveCfg = Debug|Any CPU
		{24C40DD1-A05E-4EBD-8396-526359F36661}.Debug|Any CPU.Build.0 = Debug|Any CPU
		{24C40DD1-A05E-4EBD-8396-526359F36661}.Release|Any CPU.ActiveCfg = Release|Any CPU
		{24C40DD1-A05E-4EBD-8396-526359F36661}.Release|Any CPU.Build.0 = Release|Any CPU
		{56B58C8F-0CEA-4512-A7FA-9FF7A521CCD9}.Debug|Any CPU.ActiveCfg = Debug|Any CPU
		{56B58C8F-0CEA-4512-A7FA-9FF7A521CCD9}.Debug|Any CPU.Build.0 = Debug|Any CPU
		{56B58C8F-0CEA-4512-A7FA-9FF7A521CCD9}.Release|Any CPU.ActiveCfg = Release|Any CPU
		{56B58C8F-0CEA-4512-A7FA-9FF7A521CCD9}.Release|Any CPU.Build.0 = Release|Any CPU
		{D868E97F-C3CD-4AA8-971A-79D4C84551AB}.Debug|Any CPU.ActiveCfg = Debug|Any CPU
		{D868E97F-C3CD-4AA8-971A-79D4C84551AB}.Debug|Any CPU.Build.0 = Debug|Any CPU
		{D868E97F-C3CD-4AA8-971A-79D4C84551AB}.Release|Any CPU.ActiveCfg = Release|Any CPU
		{D868E97F-C3CD-4AA8-971A-79D4C84551AB}.Release|Any CPU.Build.0 = Release|Any CPU
	EndGlobalSection
	GlobalSection(SolutionProperties) = preSolution
		HideSolutionNode = FALSE
	EndGlobalSection
EndGlobal
